// !$*UTF8*$!
{
	archiveVersion = 1;
	classes = {
	};
	objectVersion = 48;
	objects = {

/* Begin PBXBuildFile section */
		1449FB3C228D530C00317584 /* SubscriptionFlow.swift in Sources */ = {isa = PBXBuildFile; fileRef = 1449FB3B228D530C00317584 /* SubscriptionFlow.swift */; };
		1449FB3E228D663000317584 /* README.md in Resources */ = {isa = PBXBuildFile; fileRef = 1449FB3D228D663000317584 /* README.md */; };
		1449FB43228D6BAA00317584 /* CountryListViewController.swift in Sources */ = {isa = PBXBuildFile; fileRef = 1449FB41228D6BAA00317584 /* CountryListViewController.swift */; };
		1449FB44228D6BAA00317584 /* CountryListViewController.xib in Resources */ = {isa = PBXBuildFile; fileRef = 1449FB42228D6BAA00317584 /* CountryListViewController.xib */; };
		145C3BF2229017A9007B3F8D /* DataController.swift in Sources */ = {isa = PBXBuildFile; fileRef = 145C3BF1229017A9007B3F8D /* DataController.swift */; };
		145C3C0822904074007B3F8D /* UINavigationBar.swift in Sources */ = {isa = PBXBuildFile; fileRef = 145C3C0722904073007B3F8D /* UINavigationBar.swift */; };
		14999F02228D97F700B56E03 /* SubscriptionGeneralInfoCollectionViewCell.xib in Resources */ = {isa = PBXBuildFile; fileRef = 14999EF9228D97F700B56E03 /* SubscriptionGeneralInfoCollectionViewCell.xib */; };
		14999F03228D97F700B56E03 /* SubscriptionSelectorViewController.xib in Resources */ = {isa = PBXBuildFile; fileRef = 14999EFA228D97F700B56E03 /* SubscriptionSelectorViewController.xib */; };
		14999F04228D97F700B56E03 /* SubscriptionPeriodsCollectionViewController.swift in Sources */ = {isa = PBXBuildFile; fileRef = 14999EFB228D97F700B56E03 /* SubscriptionPeriodsCollectionViewController.swift */; };
		14999F05228D97F700B56E03 /* SubscriptionGeneralInfoCollectionViewCell.swift in Sources */ = {isa = PBXBuildFile; fileRef = 14999EFC228D97F700B56E03 /* SubscriptionGeneralInfoCollectionViewCell.swift */; };
		14999F06228D97F700B56E03 /* SubscriptionPeriodCollectionViewCell.xib in Resources */ = {isa = PBXBuildFile; fileRef = 14999EFD228D97F700B56E03 /* SubscriptionPeriodCollectionViewCell.xib */; };
		14999F07228D97F700B56E03 /* SubscriptionPeriodCollectionViewCell.swift in Sources */ = {isa = PBXBuildFile; fileRef = 14999EFE228D97F700B56E03 /* SubscriptionPeriodCollectionViewCell.swift */; };
		14999F08228D97F700B56E03 /* SubscriptionSelectorViewModel.swift in Sources */ = {isa = PBXBuildFile; fileRef = 14999EFF228D97F700B56E03 /* SubscriptionSelectorViewModel.swift */; };
		14999F09228D97F700B56E03 /* SubscriptionSelectorViewController.swift in Sources */ = {isa = PBXBuildFile; fileRef = 14999F00228D97F700B56E03 /* SubscriptionSelectorViewController.swift */; };
		14999F0A228D97F700B56E03 /* SubscriptionGeneralInfoColletionViewDataSource.swift in Sources */ = {isa = PBXBuildFile; fileRef = 14999F01228D97F700B56E03 /* SubscriptionGeneralInfoColletionViewDataSource.swift */; };
		14D07D2B228C13BA00522D51 /* AppDelegate.swift in Sources */ = {isa = PBXBuildFile; fileRef = 14D07D2A228C13BA00522D51 /* AppDelegate.swift */; };
		14D07D30228C13BA00522D51 /* Main.storyboard in Resources */ = {isa = PBXBuildFile; fileRef = 14D07D2E228C13BA00522D51 /* Main.storyboard */; };
		14D07D32228C13BA00522D51 /* Assets.xcassets in Resources */ = {isa = PBXBuildFile; fileRef = 14D07D31228C13BA00522D51 /* Assets.xcassets */; };
		14D07D35228C13BA00522D51 /* LaunchScreen.storyboard in Resources */ = {isa = PBXBuildFile; fileRef = 14D07D33228C13BA00522D51 /* LaunchScreen.storyboard */; };
		14D07D40228C13BA00522D51 /* SubSelectorTests.swift in Sources */ = {isa = PBXBuildFile; fileRef = 14D07D3F228C13BA00522D51 /* SubSelectorTests.swift */; };
		14D07D4C228C147400522D51 /* Theme.swift in Sources */ = {isa = PBXBuildFile; fileRef = 14D07D4B228C147400522D51 /* Theme.swift */; };
		14D07D4F228C15A800522D51 /* CountryTableViewCell.swift in Sources */ = {isa = PBXBuildFile; fileRef = 14D07D4D228C15A800522D51 /* CountryTableViewCell.swift */; };
		14D07D50228C15A800522D51 /* CountryTableViewCell.xib in Resources */ = {isa = PBXBuildFile; fileRef = 14D07D4E228C15A800522D51 /* CountryTableViewCell.xib */; };
		14D07D52228C37F600522D51 /* CountryListViewModel.swift in Sources */ = {isa = PBXBuildFile; fileRef = 14D07D51228C37F600522D51 /* CountryListViewModel.swift */; };
		14D07D83228C549A00522D51 /* CountryListTableViewDataSource.swift in Sources */ = {isa = PBXBuildFile; fileRef = 14D07D82228C549A00522D51 /* CountryListTableViewDataSource.swift */; };
/* End PBXBuildFile section */

/* Begin PBXContainerItemProxy section */
		14D07D3C228C13BA00522D51 /* PBXContainerItemProxy */ = {
			isa = PBXContainerItemProxy;
			containerPortal = 14D07D1F228C13BA00522D51 /* Project object */;
			proxyType = 1;
			remoteGlobalIDString = 14D07D26228C13BA00522D51;
			remoteInfo = SubSelector;
		};
/* End PBXContainerItemProxy section */

/* Begin PBXFileReference section */
		1449FB3B228D530C00317584 /* SubscriptionFlow.swift */ = {isa = PBXFileReference; lastKnownFileType = sourcecode.swift; path = SubscriptionFlow.swift; sourceTree = "<group>"; };
		1449FB3D228D663000317584 /* README.md */ = {isa = PBXFileReference; lastKnownFileType = net.daringfireball.markdown; path = README.md; sourceTree = "<group>"; };
		1449FB41228D6BAA00317584 /* CountryListViewController.swift */ = {isa = PBXFileReference; lastKnownFileType = sourcecode.swift; path = CountryListViewController.swift; sourceTree = "<group>"; };
		1449FB42228D6BAA00317584 /* CountryListViewController.xib */ = {isa = PBXFileReference; lastKnownFileType = file.xib; path = CountryListViewController.xib; sourceTree = "<group>"; };
		145C3BF1229017A9007B3F8D /* DataController.swift */ = {isa = PBXFileReference; fileEncoding = 4; lastKnownFileType = sourcecode.swift; path = DataController.swift; sourceTree = "<group>"; };
		145C3C0722904073007B3F8D /* UINavigationBar.swift */ = {isa = PBXFileReference; lastKnownFileType = sourcecode.swift; path = UINavigationBar.swift; sourceTree = "<group>"; };
		14999EF9228D97F700B56E03 /* SubscriptionGeneralInfoCollectionViewCell.xib */ = {isa = PBXFileReference; fileEncoding = 4; lastKnownFileType = file.xib; name = SubscriptionGeneralInfoCollectionViewCell.xib; path = SubSelector/SubscriptionFlow/SubscriptionSelector/SubscriptionGeneralInfoCollectionViewCell.xib; sourceTree = SOURCE_ROOT; };
		14999EFA228D97F700B56E03 /* SubscriptionSelectorViewController.xib */ = {isa = PBXFileReference; fileEncoding = 4; lastKnownFileType = file.xib; name = SubscriptionSelectorViewController.xib; path = SubSelector/SubscriptionFlow/SubscriptionSelector/SubscriptionSelectorViewController.xib; sourceTree = SOURCE_ROOT; };
		14999EFB228D97F700B56E03 /* SubscriptionPeriodsCollectionViewController.swift */ = {isa = PBXFileReference; fileEncoding = 4; lastKnownFileType = sourcecode.swift; name = SubscriptionPeriodsCollectionViewController.swift; path = SubSelector/SubscriptionFlow/SubscriptionSelector/SubscriptionPeriodsCollectionViewController.swift; sourceTree = SOURCE_ROOT; };
		14999EFC228D97F700B56E03 /* SubscriptionGeneralInfoCollectionViewCell.swift */ = {isa = PBXFileReference; fileEncoding = 4; lastKnownFileType = sourcecode.swift; name = SubscriptionGeneralInfoCollectionViewCell.swift; path = SubSelector/SubscriptionFlow/SubscriptionSelector/SubscriptionGeneralInfoCollectionViewCell.swift; sourceTree = SOURCE_ROOT; };
		14999EFD228D97F700B56E03 /* SubscriptionPeriodCollectionViewCell.xib */ = {isa = PBXFileReference; fileEncoding = 4; lastKnownFileType = file.xib; name = SubscriptionPeriodCollectionViewCell.xib; path = SubSelector/SubscriptionFlow/SubscriptionSelector/SubscriptionPeriodCollectionViewCell.xib; sourceTree = SOURCE_ROOT; };
		14999EFE228D97F700B56E03 /* SubscriptionPeriodCollectionViewCell.swift */ = {isa = PBXFileReference; fileEncoding = 4; lastKnownFileType = sourcecode.swift; name = SubscriptionPeriodCollectionViewCell.swift; path = SubSelector/SubscriptionFlow/SubscriptionSelector/SubscriptionPeriodCollectionViewCell.swift; sourceTree = SOURCE_ROOT; };
		14999EFF228D97F700B56E03 /* SubscriptionSelectorViewModel.swift */ = {isa = PBXFileReference; fileEncoding = 4; lastKnownFileType = sourcecode.swift; name = SubscriptionSelectorViewModel.swift; path = SubSelector/SubscriptionFlow/SubscriptionSelector/SubscriptionSelectorViewModel.swift; sourceTree = SOURCE_ROOT; };
		14999F00228D97F700B56E03 /* SubscriptionSelectorViewController.swift */ = {isa = PBXFileReference; fileEncoding = 4; lastKnownFileType = sourcecode.swift; name = SubscriptionSelectorViewController.swift; path = SubSelector/SubscriptionFlow/SubscriptionSelector/SubscriptionSelectorViewController.swift; sourceTree = SOURCE_ROOT; };
		14999F01228D97F700B56E03 /* SubscriptionGeneralInfoColletionViewDataSource.swift */ = {isa = PBXFileReference; fileEncoding = 4; lastKnownFileType = sourcecode.swift; name = SubscriptionGeneralInfoColletionViewDataSource.swift; path = SubSelector/SubscriptionFlow/SubscriptionSelector/SubscriptionGeneralInfoColletionViewDataSource.swift; sourceTree = SOURCE_ROOT; };
		14D07D27228C13BA00522D51 /* SubSelector.app */ = {isa = PBXFileReference; explicitFileType = wrapper.application; includeInIndex = 0; path = SubSelector.app; sourceTree = BUILT_PRODUCTS_DIR; };
		14D07D2A228C13BA00522D51 /* AppDelegate.swift */ = {isa = PBXFileReference; lastKnownFileType = sourcecode.swift; path = AppDelegate.swift; sourceTree = "<group>"; };
		14D07D2F228C13BA00522D51 /* Base */ = {isa = PBXFileReference; lastKnownFileType = file.storyboard; name = Base; path = Base.lproj/Main.storyboard; sourceTree = "<group>"; };
		14D07D31228C13BA00522D51 /* Assets.xcassets */ = {isa = PBXFileReference; lastKnownFileType = folder.assetcatalog; path = Assets.xcassets; sourceTree = "<group>"; };
		14D07D34228C13BA00522D51 /* Base */ = {isa = PBXFileReference; lastKnownFileType = file.storyboard; name = Base; path = Base.lproj/LaunchScreen.storyboard; sourceTree = "<group>"; };
		14D07D36228C13BA00522D51 /* Info.plist */ = {isa = PBXFileReference; lastKnownFileType = text.plist.xml; path = Info.plist; sourceTree = "<group>"; };
		14D07D3B228C13BA00522D51 /* SubSelectorTests.xctest */ = {isa = PBXFileReference; explicitFileType = wrapper.cfbundle; includeInIndex = 0; path = SubSelectorTests.xctest; sourceTree = BUILT_PRODUCTS_DIR; };
		14D07D3F228C13BA00522D51 /* SubSelectorTests.swift */ = {isa = PBXFileReference; lastKnownFileType = sourcecode.swift; path = SubSelectorTests.swift; sourceTree = "<group>"; };
		14D07D41228C13BA00522D51 /* Info.plist */ = {isa = PBXFileReference; lastKnownFileType = text.plist.xml; path = Info.plist; sourceTree = "<group>"; };
		14D07D4B228C147400522D51 /* Theme.swift */ = {isa = PBXFileReference; lastKnownFileType = sourcecode.swift; path = Theme.swift; sourceTree = "<group>"; };
		14D07D4D228C15A800522D51 /* CountryTableViewCell.swift */ = {isa = PBXFileReference; lastKnownFileType = sourcecode.swift; path = CountryTableViewCell.swift; sourceTree = "<group>"; };
		14D07D4E228C15A800522D51 /* CountryTableViewCell.xib */ = {isa = PBXFileReference; lastKnownFileType = file.xib; path = CountryTableViewCell.xib; sourceTree = "<group>"; };
		14D07D51228C37F600522D51 /* CountryListViewModel.swift */ = {isa = PBXFileReference; lastKnownFileType = sourcecode.swift; path = CountryListViewModel.swift; sourceTree = "<group>"; };
		14D07D82228C549A00522D51 /* CountryListTableViewDataSource.swift */ = {isa = PBXFileReference; lastKnownFileType = sourcecode.swift; path = CountryListTableViewDataSource.swift; sourceTree = "<group>"; };
/* End PBXFileReference section */

/* Begin PBXFrameworksBuildPhase section */
		14D07D24228C13BA00522D51 /* Frameworks */ = {
			isa = PBXFrameworksBuildPhase;
			buildActionMask = 2147483647;
			files = (
			);
			runOnlyForDeploymentPostprocessing = 0;
		};
		14D07D38228C13BA00522D51 /* Frameworks */ = {
			isa = PBXFrameworksBuildPhase;
			buildActionMask = 2147483647;
			files = (
			);
			runOnlyForDeploymentPostprocessing = 0;
		};
/* End PBXFrameworksBuildPhase section */

/* Begin PBXGroup section */
		1449FB34228D47ED00317584 /* SubscriptionSelector */ = {
			isa = PBXGroup;
			children = (
				14999EFC228D97F700B56E03 /* SubscriptionGeneralInfoCollectionViewCell.swift */,
				14999EF9228D97F700B56E03 /* SubscriptionGeneralInfoCollectionViewCell.xib */,
				14999F01228D97F700B56E03 /* SubscriptionGeneralInfoColletionViewDataSource.swift */,
				14999EFE228D97F700B56E03 /* SubscriptionPeriodCollectionViewCell.swift */,
				14999EFD228D97F700B56E03 /* SubscriptionPeriodCollectionViewCell.xib */,
				14999EFB228D97F700B56E03 /* SubscriptionPeriodsCollectionViewController.swift */,
				14999F00228D97F700B56E03 /* SubscriptionSelectorViewController.swift */,
				14999EFA228D97F700B56E03 /* SubscriptionSelectorViewController.xib */,
				14999EFF228D97F700B56E03 /* SubscriptionSelectorViewModel.swift */,
			);
			path = SubscriptionSelector;
			sourceTree = "<group>";
		};
		1449FB35228D48FB00317584 /* CountrySelector */ = {
			isa = PBXGroup;
			children = (
				1449FB41228D6BAA00317584 /* CountryListViewController.swift */,
				1449FB42228D6BAA00317584 /* CountryListViewController.xib */,
				14D07D82228C549A00522D51 /* CountryListTableViewDataSource.swift */,
				14D07D51228C37F600522D51 /* CountryListViewModel.swift */,
				14D07D4D228C15A800522D51 /* CountryTableViewCell.swift */,
				14D07D4E228C15A800522D51 /* CountryTableViewCell.xib */,
			);
			path = CountrySelector;
			sourceTree = "<group>";
		};
		1449FB3A228D52EE00317584 /* SubscriptionFlow */ = {
			isa = PBXGroup;
			children = (
				1449FB35228D48FB00317584 /* CountrySelector */,
				1449FB34228D47ED00317584 /* SubscriptionSelector */,
				1449FB3B228D530C00317584 /* SubscriptionFlow.swift */,
			);
			path = SubscriptionFlow;
			sourceTree = "<group>";
		};
		145C3BEE229001C8007B3F8D /* DataSources */ = {
			isa = PBXGroup;
			children = (
				145C3BF1229017A9007B3F8D /* DataController.swift */,
			);
			path = DataSources;
			sourceTree = "<group>";
		};
		145C3C0622904056007B3F8D /* Extensions */ = {
			isa = PBXGroup;
			children = (
				145C3C0722904073007B3F8D /* UINavigationBar.swift */,
			);
			path = Extensions;
			sourceTree = "<group>";
		};
		14D07D1E228C13BA00522D51 = {
			isa = PBXGroup;
			children = (
				1449FB3D228D663000317584 /* README.md */,
				14D07D29228C13BA00522D51 /* SubSelector */,
				14D07D3E228C13BA00522D51 /* SubSelectorTests */,
				14D07D28228C13BA00522D51 /* Products */,
			);
			sourceTree = "<group>";
		};
		14D07D28228C13BA00522D51 /* Products */ = {
			isa = PBXGroup;
			children = (
				14D07D27228C13BA00522D51 /* SubSelector.app */,
				14D07D3B228C13BA00522D51 /* SubSelectorTests.xctest */,
			);
			name = Products;
			sourceTree = "<group>";
		};
		14D07D29228C13BA00522D51 /* SubSelector */ = {
			isa = PBXGroup;
			children = (
				145C3C0622904056007B3F8D /* Extensions */,
				145C3BEE229001C8007B3F8D /* DataSources */,
				1449FB3A228D52EE00317584 /* SubscriptionFlow */,
				14D07D2A228C13BA00522D51 /* AppDelegate.swift */,
				14D07D2E228C13BA00522D51 /* Main.storyboard */,
				14D07D31228C13BA00522D51 /* Assets.xcassets */,
				14D07D33228C13BA00522D51 /* LaunchScreen.storyboard */,
				14D07D36228C13BA00522D51 /* Info.plist */,
				14D07D4B228C147400522D51 /* Theme.swift */,
			);
			path = SubSelector;
			sourceTree = "<group>";
		};
		14D07D3E228C13BA00522D51 /* SubSelectorTests */ = {
			isa = PBXGroup;
			children = (
				14D07D3F228C13BA00522D51 /* SubSelectorTests.swift */,
				14D07D41228C13BA00522D51 /* Info.plist */,
			);
			path = SubSelectorTests;
			sourceTree = "<group>";
		};
/* End PBXGroup section */

/* Begin PBXNativeTarget section */
		14D07D26228C13BA00522D51 /* SubSelector */ = {
			isa = PBXNativeTarget;
			buildConfigurationList = 14D07D44228C13BA00522D51 /* Build configuration list for PBXNativeTarget "SubSelector" */;
			buildPhases = (
				14D07D23228C13BA00522D51 /* Sources */,
				14D07D24228C13BA00522D51 /* Frameworks */,
				14D07D25228C13BA00522D51 /* Resources */,
			);
			buildRules = (
			);
			dependencies = (
			);
			name = SubSelector;
			productName = SubSelector;
			productReference = 14D07D27228C13BA00522D51 /* SubSelector.app */;
			productType = "com.apple.product-type.application";
		};
		14D07D3A228C13BA00522D51 /* SubSelectorTests */ = {
			isa = PBXNativeTarget;
			buildConfigurationList = 14D07D47228C13BA00522D51 /* Build configuration list for PBXNativeTarget "SubSelectorTests" */;
			buildPhases = (
				14D07D37228C13BA00522D51 /* Sources */,
				14D07D38228C13BA00522D51 /* Frameworks */,
				14D07D39228C13BA00522D51 /* Resources */,
			);
			buildRules = (
			);
			dependencies = (
				14D07D3D228C13BA00522D51 /* PBXTargetDependency */,
			);
			name = SubSelectorTests;
			productName = SubSelectorTests;
			productReference = 14D07D3B228C13BA00522D51 /* SubSelectorTests.xctest */;
			productType = "com.apple.product-type.bundle.unit-test";
		};
/* End PBXNativeTarget section */

/* Begin PBXProject section */
		14D07D1F228C13BA00522D51 /* Project object */ = {
			isa = PBXProject;
			attributes = {
				LastSwiftUpdateCheck = 0900;
				LastUpgradeCheck = 0900;
				ORGANIZATIONNAME = "Maxim Linich";
				TargetAttributes = {
					14D07D26228C13BA00522D51 = {
						CreatedOnToolsVersion = 9.0;
						ProvisioningStyle = Automatic;
					};
					14D07D3A228C13BA00522D51 = {
						CreatedOnToolsVersion = 9.0;
						ProvisioningStyle = Automatic;
						TestTargetID = 14D07D26228C13BA00522D51;
					};
				};
			};
			buildConfigurationList = 14D07D22228C13BA00522D51 /* Build configuration list for PBXProject "SubSelector" */;
			compatibilityVersion = "Xcode 8.0";
			developmentRegion = en;
			hasScannedForEncodings = 0;
			knownRegions = (
				en,
				Base,
			);
			mainGroup = 14D07D1E228C13BA00522D51;
			productRefGroup = 14D07D28228C13BA00522D51 /* Products */;
			projectDirPath = "";
			projectRoot = "";
			targets = (
				14D07D26228C13BA00522D51 /* SubSelector */,
				14D07D3A228C13BA00522D51 /* SubSelectorTests */,
			);
		};
/* End PBXProject section */

/* Begin PBXResourcesBuildPhase section */
		14D07D25228C13BA00522D51 /* Resources */ = {
			isa = PBXResourcesBuildPhase;
			buildActionMask = 2147483647;
			files = (
				14D07D35228C13BA00522D51 /* LaunchScreen.storyboard in Resources */,
				14D07D50228C15A800522D51 /* CountryTableViewCell.xib in Resources */,
				14999F02228D97F700B56E03 /* SubscriptionGeneralInfoCollectionViewCell.xib in Resources */,
				14D07D32228C13BA00522D51 /* Assets.xcassets in Resources */,
				14999F03228D97F700B56E03 /* SubscriptionSelectorViewController.xib in Resources */,
				1449FB3E228D663000317584 /* README.md in Resources */,
				1449FB44228D6BAA00317584 /* CountryListViewController.xib in Resources */,
				14999F06228D97F700B56E03 /* SubscriptionPeriodCollectionViewCell.xib in Resources */,
				14D07D30228C13BA00522D51 /* Main.storyboard in Resources */,
			);
			runOnlyForDeploymentPostprocessing = 0;
		};
		14D07D39228C13BA00522D51 /* Resources */ = {
			isa = PBXResourcesBuildPhase;
			buildActionMask = 2147483647;
			files = (
			);
			runOnlyForDeploymentPostprocessing = 0;
		};
/* End PBXResourcesBuildPhase section */

/* Begin PBXSourcesBuildPhase section */
		14D07D23228C13BA00522D51 /* Sources */ = {
			isa = PBXSourcesBuildPhase;
			buildActionMask = 2147483647;
			files = (
				14999F09228D97F700B56E03 /* SubscriptionSelectorViewController.swift in Sources */,
				1449FB3C228D530C00317584 /* SubscriptionFlow.swift in Sources */,
				145C3BF2229017A9007B3F8D /* DataController.swift in Sources */,
				14D07D4C228C147400522D51 /* Theme.swift in Sources */,
				14999F04228D97F700B56E03 /* SubscriptionPeriodsCollectionViewController.swift in Sources */,
				14D07D4F228C15A800522D51 /* CountryTableViewCell.swift in Sources */,
				14999F08228D97F700B56E03 /* SubscriptionSelectorViewModel.swift in Sources */,
				14999F0A228D97F700B56E03 /* SubscriptionGeneralInfoColletionViewDataSource.swift in Sources */,
				14999F07228D97F700B56E03 /* SubscriptionPeriodCollectionViewCell.swift in Sources */,
				14D07D52228C37F600522D51 /* CountryListViewModel.swift in Sources */,
				14D07D83228C549A00522D51 /* CountryListTableViewDataSource.swift in Sources */,
				145C3C0822904074007B3F8D /* UINavigationBar.swift in Sources */,
				14D07D2B228C13BA00522D51 /* AppDelegate.swift in Sources */,
				1449FB43228D6BAA00317584 /* CountryListViewController.swift in Sources */,
				14999F05228D97F700B56E03 /* SubscriptionGeneralInfoCollectionViewCell.swift in Sources */,
			);
			runOnlyForDeploymentPostprocessing = 0;
		};
		14D07D37228C13BA00522D51 /* Sources */ = {
			isa = PBXSourcesBuildPhase;
			buildActionMask = 2147483647;
			files = (
				14D07D40228C13BA00522D51 /* SubSelectorTests.swift in Sources */,
			);
			runOnlyForDeploymentPostprocessing = 0;
		};
/* End PBXSourcesBuildPhase section */

/* Begin PBXTargetDependency section */
		14D07D3D228C13BA00522D51 /* PBXTargetDependency */ = {
			isa = PBXTargetDependency;
			target = 14D07D26228C13BA00522D51 /* SubSelector */;
			targetProxy = 14D07D3C228C13BA00522D51 /* PBXContainerItemProxy */;
		};
/* End PBXTargetDependency section */

/* Begin PBXVariantGroup section */
		14D07D2E228C13BA00522D51 /* Main.storyboard */ = {
			isa = PBXVariantGroup;
			children = (
				14D07D2F228C13BA00522D51 /* Base */,
			);
			name = Main.storyboard;
			sourceTree = "<group>";
		};
		14D07D33228C13BA00522D51 /* LaunchScreen.storyboard */ = {
			isa = PBXVariantGroup;
			children = (
				14D07D34228C13BA00522D51 /* Base */,
			);
			name = LaunchScreen.storyboard;
			sourceTree = "<group>";
		};
/* End PBXVariantGroup section */

/* Begin XCBuildConfiguration section */
		14D07D42228C13BA00522D51 /* Debug */ = {
			isa = XCBuildConfiguration;
			buildSettings = {
				ALWAYS_SEARCH_USER_PATHS = NO;
				CLANG_ANALYZER_NONNULL = YES;
				CLANG_ANALYZER_NUMBER_OBJECT_CONVERSION = YES_AGGRESSIVE;
				CLANG_CXX_LANGUAGE_STANDARD = "gnu++14";
				CLANG_CXX_LIBRARY = "libc++";
				CLANG_ENABLE_MODULES = YES;
				CLANG_ENABLE_OBJC_ARC = YES;
				CLANG_WARN_BLOCK_CAPTURE_AUTORELEASING = YES;
				CLANG_WARN_BOOL_CONVERSION = YES;
				CLANG_WARN_COMMA = YES;
				CLANG_WARN_CONSTANT_CONVERSION = YES;
				CLANG_WARN_DIRECT_OBJC_ISA_USAGE = YES_ERROR;
				CLANG_WARN_DOCUMENTATION_COMMENTS = YES;
				CLANG_WARN_EMPTY_BODY = YES;
				CLANG_WARN_ENUM_CONVERSION = YES;
				CLANG_WARN_INFINITE_RECURSION = YES;
				CLANG_WARN_INT_CONVERSION = YES;
				CLANG_WARN_NON_LITERAL_NULL_CONVERSION = YES;
				CLANG_WARN_OBJC_LITERAL_CONVERSION = YES;
				CLANG_WARN_OBJC_ROOT_CLASS = YES_ERROR;
				CLANG_WARN_RANGE_LOOP_ANALYSIS = YES;
				CLANG_WARN_STRICT_PROTOTYPES = YES;
				CLANG_WARN_SUSPICIOUS_MOVE = YES;
				CLANG_WARN_UNGUARDED_AVAILABILITY = YES_AGGRESSIVE;
				CLANG_WARN_UNREACHABLE_CODE = YES;
				CLANG_WARN__DUPLICATE_METHOD_MATCH = YES;
				CODE_SIGN_IDENTITY = "iPhone Developer";
				COPY_PHASE_STRIP = NO;
				DEBUG_INFORMATION_FORMAT = dwarf;
				ENABLE_STRICT_OBJC_MSGSEND = YES;
				ENABLE_TESTABILITY = YES;
				GCC_C_LANGUAGE_STANDARD = gnu11;
				GCC_DYNAMIC_NO_PIC = NO;
				GCC_NO_COMMON_BLOCKS = YES;
				GCC_OPTIMIZATION_LEVEL = 0;
				GCC_PREPROCESSOR_DEFINITIONS = (
					"DEBUG=1",
					"$(inherited)",
				);
				GCC_WARN_64_TO_32_BIT_CONVERSION = YES;
				GCC_WARN_ABOUT_RETURN_TYPE = YES_ERROR;
				GCC_WARN_UNDECLARED_SELECTOR = YES;
				GCC_WARN_UNINITIALIZED_AUTOS = YES_AGGRESSIVE;
				GCC_WARN_UNUSED_FUNCTION = YES;
				GCC_WARN_UNUSED_VARIABLE = YES;
				IPHONEOS_DEPLOYMENT_TARGET = 11.0;
				MTL_ENABLE_DEBUG_INFO = YES;
				ONLY_ACTIVE_ARCH = YES;
				SDKROOT = iphoneos;
				SWIFT_ACTIVE_COMPILATION_CONDITIONS = DEBUG;
				SWIFT_OPTIMIZATION_LEVEL = "-Onone";
			};
			name = Debug;
		};
		14D07D43228C13BA00522D51 /* Release */ = {
			isa = XCBuildConfiguration;
			buildSettings = {
				ALWAYS_SEARCH_USER_PATHS = NO;
				CLANG_ANALYZER_NONNULL = YES;
				CLANG_ANALYZER_NUMBER_OBJECT_CONVERSION = YES_AGGRESSIVE;
				CLANG_CXX_LANGUAGE_STANDARD = "gnu++14";
				CLANG_CXX_LIBRARY = "libc++";
				CLANG_ENABLE_MODULES = YES;
				CLANG_ENABLE_OBJC_ARC = YES;
				CLANG_WARN_BLOCK_CAPTURE_AUTORELEASING = YES;
				CLANG_WARN_BOOL_CONVERSION = YES;
				CLANG_WARN_COMMA = YES;
				CLANG_WARN_CONSTANT_CONVERSION = YES;
				CLANG_WARN_DIRECT_OBJC_ISA_USAGE = YES_ERROR;
				CLANG_WARN_DOCUMENTATION_COMMENTS = YES;
				CLANG_WARN_EMPTY_BODY = YES;
				CLANG_WARN_ENUM_CONVERSION = YES;
				CLANG_WARN_INFINITE_RECURSION = YES;
				CLANG_WARN_INT_CONVERSION = YES;
				CLANG_WARN_NON_LITERAL_NULL_CONVERSION = YES;
				CLANG_WARN_OBJC_LITERAL_CONVERSION = YES;
				CLANG_WARN_OBJC_ROOT_CLASS = YES_ERROR;
				CLANG_WARN_RANGE_LOOP_ANALYSIS = YES;
				CLANG_WARN_STRICT_PROTOTYPES = YES;
				CLANG_WARN_SUSPICIOUS_MOVE = YES;
				CLANG_WARN_UNGUARDED_AVAILABILITY = YES_AGGRESSIVE;
				CLANG_WARN_UNREACHABLE_CODE = YES;
				CLANG_WARN__DUPLICATE_METHOD_MATCH = YES;
				CODE_SIGN_IDENTITY = "iPhone Developer";
				COPY_PHASE_STRIP = NO;
				DEBUG_INFORMATION_FORMAT = "dwarf-with-dsym";
				ENABLE_NS_ASSERTIONS = NO;
				ENABLE_STRICT_OBJC_MSGSEND = YES;
				GCC_C_LANGUAGE_STANDARD = gnu11;
				GCC_NO_COMMON_BLOCKS = YES;
				GCC_WARN_64_TO_32_BIT_CONVERSION = YES;
				GCC_WARN_ABOUT_RETURN_TYPE = YES_ERROR;
				GCC_WARN_UNDECLARED_SELECTOR = YES;
				GCC_WARN_UNINITIALIZED_AUTOS = YES_AGGRESSIVE;
				GCC_WARN_UNUSED_FUNCTION = YES;
				GCC_WARN_UNUSED_VARIABLE = YES;
				IPHONEOS_DEPLOYMENT_TARGET = 11.0;
				MTL_ENABLE_DEBUG_INFO = NO;
				SDKROOT = iphoneos;
				SWIFT_OPTIMIZATION_LEVEL = "-Owholemodule";
				VALIDATE_PRODUCT = YES;
			};
			name = Release;
		};
		14D07D45228C13BA00522D51 /* Debug */ = {
			isa = XCBuildConfiguration;
			buildSettings = {
				ASSETCATALOG_COMPILER_APPICON_NAME = AppIcon;
				CODE_SIGN_STYLE = Automatic;
				DEVELOPMENT_TEAM = ZMALGTRN82;
				INFOPLIST_FILE = SubSelector/Info.plist;
				LD_RUNPATH_SEARCH_PATHS = "$(inherited) @executable_path/Frameworks";
				PRODUCT_BUNDLE_IDENTIFIER = com.tartgetprocess.SubSelector;
				PRODUCT_NAME = "$(TARGET_NAME)";
				SWIFT_VERSION = 4.0;
				TARGETED_DEVICE_FAMILY = "1,2";
			};
			name = Debug;
		};
		14D07D46228C13BA00522D51 /* Release */ = {
			isa = XCBuildConfiguration;
			buildSettings = {
				ASSETCATALOG_COMPILER_APPICON_NAME = AppIcon;
				CODE_SIGN_STYLE = Automatic;
				DEVELOPMENT_TEAM = ZMALGTRN82;
				INFOPLIST_FILE = SubSelector/Info.plist;
				LD_RUNPATH_SEARCH_PATHS = "$(inherited) @executable_path/Frameworks";
				PRODUCT_BUNDLE_IDENTIFIER = com.tartgetprocess.SubSelector;
				PRODUCT_NAME = "$(TARGET_NAME)";
				SWIFT_VERSION = 4.0;
				TARGETED_DEVICE_FAMILY = "1,2";
			};
			name = Release;
		};
		14D07D48228C13BA00522D51 /* Debug */ = {
			isa = XCBuildConfiguration;
			buildSettings = {
				ALWAYS_EMBED_SWIFT_STANDARD_LIBRARIES = YES;
				BUNDLE_LOADER = "$(TEST_HOST)";
				CODE_SIGN_STYLE = Automatic;
				DEVELOPMENT_TEAM = ZMALGTRN82;
				INFOPLIST_FILE = SubSelectorTests/Info.plist;
				LD_RUNPATH_SEARCH_PATHS = "$(inherited) @executable_path/Frameworks @loader_path/Frameworks";
				PRODUCT_BUNDLE_IDENTIFIER = com.tartgetprocess.SubSelectorTests;
				PRODUCT_NAME = "$(TARGET_NAME)";
				SWIFT_VERSION = 4.0;
				TARGETED_DEVICE_FAMILY = "1,2";
				TEST_HOST = "$(BUILT_PRODUCTS_DIR)/SubSelector.app/SubSelector";
			};
			name = Debug;
		};
		14D07D49228C13BA00522D51 /* Release */ = {
			isa = XCBuildConfiguration;
			buildSettings = {
				ALWAYS_EMBED_SWIFT_STANDARD_LIBRARIES = YES;
				BUNDLE_LOADER = "$(TEST_HOST)";
				CODE_SIGN_STYLE = Automatic;
				DEVELOPMENT_TEAM = ZMALGTRN82;
				INFOPLIST_FILE = SubSelectorTests/Info.plist;
				LD_RUNPATH_SEARCH_PATHS = "$(inherited) @executable_path/Frameworks @loader_path/Frameworks";
				PRODUCT_BUNDLE_IDENTIFIER = com.tartgetprocess.SubSelectorTests;
				PRODUCT_NAME = "$(TARGET_NAME)";
				SWIFT_VERSION = 4.0;
				TARGETED_DEVICE_FAMILY = "1,2";
				TEST_HOST = "$(BUILT_PRODUCTS_DIR)/SubSelector.app/SubSelector";
			};
			name = Release;
		};
/* End XCBuildConfiguration section */

/* Begin XCConfigurationList section */
		14D07D22228C13BA00522D51 /* Build configuration list for PBXProject "SubSelector" */ = {
			isa = XCConfigurationList;
			buildConfigurations = (
				14D07D42228C13BA00522D51 /* Debug */,
				14D07D43228C13BA00522D51 /* Release */,
			);
			defaultConfigurationIsVisible = 0;
			defaultConfigurationName = Release;
		};
		14D07D44228C13BA00522D51 /* Build configuration list for PBXNativeTarget "SubSelector" */ = {
			isa = XCConfigurationList;
			buildConfigurations = (
				14D07D45228C13BA00522D51 /* Debug */,
				14D07D46228C13BA00522D51 /* Release */,
			);
			defaultConfigurationIsVisible = 0;
			defaultConfigurationName = Release;
		};
		14D07D47228C13BA00522D51 /* Build configuration list for PBXNativeTarget "SubSelectorTests" */ = {
			isa = XCConfigurationList;
			buildConfigurations = (
				14D07D48228C13BA00522D51 /* Debug */,
				14D07D49228C13BA00522D51 /* Release */,
			);
			defaultConfigurationIsVisible = 0;
			defaultConfigurationName = Release;
		};
/* End XCConfigurationList section */
	};
	rootObject = 14D07D1F228C13BA00522D51 /* Project object */;
}
